{
    "name": "typescript-template-package",
    "version": "1.0.0",
    "lockfileVersion": 2,
    "requires": true,
    "packages": {
        "": {
            "name": "typescript-template-package",
            "version": "1.0.0",
            "bin": {
                "just-scripts": "just-scripts/bin/just-scripts.js"
            },
            "devDependencies": {
                "just-scripts": "^0.10.1"
            }
        },
        "node_modules/just-scripts": {
            "version": "0.10.1",
            "resolved": "https://registry.npmjs.org/just-scripts/-/just-scripts-0.10.1.tgz",
            "integrity": "sha512-edBGS+nlUSvCHfUXS4JZP2WW6k1YcfcFPnlo/3cSBC32ec+BvnGYSwg2Lyuc3621y3jiPkNilm/uaefNQg26Fg==",
            "dev": true
        }
    },
    "dependencies": {
        "just-scripts": {
            "version": "0.10.1",
            "resolved": "https://registry.npmjs.org/just-scripts/-/just-scripts-0.10.1.tgz",
            "integrity": "sha512-edBGS+nlUSvCHfUXS4JZP2WW6k1YcfcFPnlo/3cSBC32ec+BvnGYSwg2Lyuc3621y3jiPkNilm/uaefNQg26Fg==",
            "dev": true
        }
    }
}
